
Microsoft Visual Studio Solution File, Format Version 12.00
# Visual Studio Version 16
VisualStudioVersion = 16.0.31702.278
MinimumVisualStudioVersion = 10.0.40219.1
Project("{9A19103F-16F7-4668-BE54-9A1E7A4F7556}") = "PersonEditor.Web", "PersonEditor.Web\PersonEditor.Web.csproj", "{BD9A2923-8130-415F-83C0-0058AF00B67A}"
EndProject
Project("{9A19103F-16F7-4668-BE54-9A1E7A4F7556}") = "PersonEditor.Model", "PersonEditor.Model\PersonEditor.Model.csproj", "{D94BA817-CF08-4B30-9F19-2D95280D0FE6}"
EndProject
Project("{FAE04EC0-301F-11D3-BF4B-00C04F79EFBC}") = "PersonEditor.Web.Tests", "PersonEditor.Web.Tests\PersonEditor.Web.Tests.csproj", "{3F8141B9-65D1-4BFC-913D-0918AFF2F402}"
EndProject
Global
	GlobalSection(SolutionConfigurationPlatforms) = preSolution
		Debug|Any CPU = Debug|Any CPU
		Release|Any CPU = Release|Any CPU
	EndGlobalSection
	GlobalSection(ProjectConfigurationPlatforms) = postSolution
		{BD9A2923-8130-415F-83C0-0058AF00B67A}.Debug|Any CPU.ActiveCfg = Debug|Any CPU
		{BD9A2923-8130-415F-83C0-0058AF00B67A}.Debug|Any CPU.Build.0 = Debug|Any CPU
		{BD9A2923-8130-415F-83C0-0058AF00B67A}.Release|Any CPU.ActiveCfg = Release|Any CPU
		{BD9A2923-8130-415F-83C0-0058AF00B67A}.Release|Any CPU.Build.0 = Release|Any CPU
		{D94BA817-CF08-4B30-9F19-2D95280D0FE6}.Debug|Any CPU.ActiveCfg = Debug|Any CPU
		{D94BA817-CF08-4B30-9F19-2D95280D0FE6}.Debug|Any CPU.Build.0 = Debug|Any CPU
		{D94BA817-CF08-4B30-9F19-2D95280D0FE6}.Release|Any CPU.ActiveCfg = Release|Any CPU
		{D94BA817-CF08-4B30-9F19-2D95280D0FE6}.Release|Any CPU.Build.0 = Release|Any CPU
		{3F8141B9-65D1-4BFC-913D-0918AFF2F402}.Debug|Any CPU.ActiveCfg = Debug|Any CPU
		{3F8141B9-65D1-4BFC-913D-0918AFF2F402}.Debug|Any CPU.Build.0 = Debug|Any CPU
		{3F8141B9-65D1-4BFC-913D-0918AFF2F402}.Release|Any CPU.ActiveCfg = Release|Any CPU
		{3F8141B9-65D1-4BFC-913D-0918AFF2F402}.Release|Any CPU.Build.0 = Release|Any CPU
	EndGlobalSection
	GlobalSection(SolutionProperties) = preSolution
		HideSolutionNode = FALSE
	EndGlobalSection
	GlobalSection(ExtensibilityGlobals) = postSolution
		SolutionGuid = {A03AB513-0388-47BD-B9CD-6680B1107D40}
	EndGlobalSection
EndGlobal
